
Microsoft Visual Studio Solution File, Format Version 12.00
# Visual Studio Version 16
VisualStudioVersion = 16.0.33328.57
MinimumVisualStudioVersion = 10.0.40219.1
Project("{9A19103F-16F7-4668-BE54-9A1E7A4F7556}") = "ClassTracking.Server", "Server\ClassTracking.Server.csproj", "{48992760-DEEE-421C-B54A-6CA355DB0796}"
EndProject
Project("{9A19103F-16F7-4668-BE54-9A1E7A4F7556}") = "ClassTracking.Client", "Client\ClassTracking.Client.csproj", "{4F28A0C7-4521-41CD-8B02-B1323C043661}"
EndProject
Project("{9A19103F-16F7-4668-BE54-9A1E7A4F7556}") = "ClassTracking.Shared", "Shared\ClassTracking.Shared.csproj", "{ACD8274E-B6DF-4A60-AE32-2A7E1FC5CB42}"
EndProject
Global
	GlobalSection(SolutionConfigurationPlatforms) = preSolution
		Debug|Any CPU = Debug|Any CPU
		Release|Any CPU = Release|Any CPU
	EndGlobalSection
	GlobalSection(ProjectConfigurationPlatforms) = postSolution
		{48992760-DEEE-421C-B54A-6CA355DB0796}.Debug|Any CPU.ActiveCfg = Debug|Any CPU
		{48992760-DEEE-421C-B54A-6CA355DB0796}.Debug|Any CPU.Build.0 = Debug|Any CPU
		{48992760-DEEE-421C-B54A-6CA355DB0796}.Release|Any CPU.ActiveCfg = Release|Any CPU
		{48992760-DEEE-421C-B54A-6CA355DB0796}.Release|Any CPU.Build.0 = Release|Any CPU
		{4F28A0C7-4521-41CD-8B02-B1323C043661}.Debug|Any CPU.ActiveCfg = Debug|Any CPU
		{4F28A0C7-4521-41CD-8B02-B1323C043661}.Debug|Any CPU.Build.0 = Debug|Any CPU
		{4F28A0C7-4521-41CD-8B02-B1323C043661}.Release|Any CPU.ActiveCfg = Release|Any CPU
		{4F28A0C7-4521-41CD-8B02-B1323C043661}.Release|Any CPU.Build.0 = Release|Any CPU
		{ACD8274E-B6DF-4A60-AE32-2A7E1FC5CB42}.Debug|Any CPU.ActiveCfg = Debug|Any CPU
		{ACD8274E-B6DF-4A60-AE32-2A7E1FC5CB42}.Debug|Any CPU.Build.0 = Debug|Any CPU
		{ACD8274E-B6DF-4A60-AE32-2A7E1FC5CB42}.Release|Any CPU.ActiveCfg = Release|Any CPU
		{ACD8274E-B6DF-4A60-AE32-2A7E1FC5CB42}.Release|Any CPU.Build.0 = Release|Any CPU
	EndGlobalSection
	GlobalSection(SolutionProperties) = preSolution
		HideSolutionNode = FALSE
	EndGlobalSection
	GlobalSection(ExtensibilityGlobals) = postSolution
		SolutionGuid = {E753C4D4-922B-44DD-BB94-E129389DD7CD}
	EndGlobalSection
EndGlobal
